
Microsoft Visual Studio Solution File, Format Version 12.00
# Visual Studio Version 16
VisualStudioVersion = 16.0.31410.357
MinimumVisualStudioVersion = 10.0.40219.1
Project("{2150E333-8FDC-42A3-9474-1A3956D46DE8}") = "1.Ap", "1.Ap", "{C29BCD8F-CB6E-4AD4-8323-D831853CD4F6}"
EndProject
Project("{9A19103F-16F7-4668-BE54-9A1E7A4F7556}") = "Invictus.Api", "src\Invictus.Api\Invictus.Api.csproj", "{4AB75825-767F-496C-A636-75883741C128}"
EndProject
Project("{2150E333-8FDC-42A3-9474-1A3956D46DE8}") = "2.QueryService", "2.QueryService", "{FF30D1C7-FAEF-4E3D-BA90-A99117FD19EC}"
EndProject
Project("{9A19103F-16F7-4668-BE54-9A1E7A4F7556}") = "Invictus.QueryService", "src\Invictus.QueryService\Invictus.QueryService.csproj", "{A3BC92EE-D84C-47EF-9EF0-41B9887D5C7E}"
EndProject
Project("{2150E333-8FDC-42A3-9474-1A3956D46DE8}") = "3.Application", "3.Application", "{23288F42-3AE5-4DFE-8FE0-B3E40C0E2A67}"
EndProject
Project("{9A19103F-16F7-4668-BE54-9A1E7A4F7556}") = "Invictus.Application", "src\Invictus.Application\Invictus.Application.csproj", "{8DE3EAC4-3737-49FB-96F8-30831713F615}"
EndProject
Project("{2150E333-8FDC-42A3-9474-1A3956D46DE8}") = "4.Dtos", "4.Dtos", "{C0012728-7819-4098-A5C2-18079963FBB4}"
EndProject
Project("{2150E333-8FDC-42A3-9474-1A3956D46DE8}") = "5.Domain", "5.Domain", "{BB117C7E-66F9-4FE8-8489-7A1A6F867B52}"
EndProject
Project("{9A19103F-16F7-4668-BE54-9A1E7A4F7556}") = "Invictus.Dtos", "src\Invictus.Dtos\Invictus.Dtos.csproj", "{FF2C3692-E5D7-4D8F-A753-1441F59ACC6D}"
EndProject
Project("{9A19103F-16F7-4668-BE54-9A1E7A4F7556}") = "Invictus.Domain", "src\Invictus.Domain\Invictus.Domain.csproj", "{5E8657C4-1251-43A0-863C-6AE257063E2D}"
EndProject
Project("{9A19103F-16F7-4668-BE54-9A1E7A4F7556}") = "Invictus.Core", "src\Invictus.Core\Invictus.Core.csproj", "{8C491377-2A28-453A-8644-3C9C764A4F1F}"
EndProject
Project("{2150E333-8FDC-42A3-9474-1A3956D46DE8}") = "6.CrossCutting", "6.CrossCutting", "{E6D1F9DD-74F5-426D-85DE-9F61FAEB8515}"
EndProject
Project("{9A19103F-16F7-4668-BE54-9A1E7A4F7556}") = "Invictus.IoC", "src\Invictus.IoC\Invictus.IoC.csproj", "{5A44BBA7-764B-4286-B38B-F28F8B9022C7}"
EndProject
Project("{2150E333-8FDC-42A3-9474-1A3956D46DE8}") = "7.Infra", "7.Infra", "{D8CCDF0E-7CD4-46F7-A9A4-6363D51427CB}"
EndProject
Project("{9A19103F-16F7-4668-BE54-9A1E7A4F7556}") = "Invictus.Data", "src\Invictus.Data\Invictus.Data.csproj", "{52579B9D-DA82-4834-9F83-5AE43797D638}"
EndProject
Project("{FAE04EC0-301F-11D3-BF4B-00C04F79EFBC}") = "Invictus.BackgroundTasks", "src\Invictus.BackgroundTasks\Invictus.BackgroundTasks.csproj", "{40D80871-0478-4119-BC66-6113C777E861}"
EndProject
Global
	GlobalSection(SolutionConfigurationPlatforms) = preSolution
		Debug|Any CPU = Debug|Any CPU
		Release|Any CPU = Release|Any CPU
	EndGlobalSection
	GlobalSection(ProjectConfigurationPlatforms) = postSolution
		{4AB75825-767F-496C-A636-75883741C128}.Debug|Any CPU.ActiveCfg = Debug|Any CPU
		{4AB75825-767F-496C-A636-75883741C128}.Debug|Any CPU.Build.0 = Debug|Any CPU
		{4AB75825-767F-496C-A636-75883741C128}.Release|Any CPU.ActiveCfg = Release|Any CPU
		{4AB75825-767F-496C-A636-75883741C128}.Release|Any CPU.Build.0 = Release|Any CPU
		{A3BC92EE-D84C-47EF-9EF0-41B9887D5C7E}.Debug|Any CPU.ActiveCfg = Debug|Any CPU
		{A3BC92EE-D84C-47EF-9EF0-41B9887D5C7E}.Debug|Any CPU.Build.0 = Debug|Any CPU
		{A3BC92EE-D84C-47EF-9EF0-41B9887D5C7E}.Release|Any CPU.ActiveCfg = Release|Any CPU
		{A3BC92EE-D84C-47EF-9EF0-41B9887D5C7E}.Release|Any CPU.Build.0 = Release|Any CPU
		{8DE3EAC4-3737-49FB-96F8-30831713F615}.Debug|Any CPU.ActiveCfg = Debug|Any CPU
		{8DE3EAC4-3737-49FB-96F8-30831713F615}.Debug|Any CPU.Build.0 = Debug|Any CPU
		{8DE3EAC4-3737-49FB-96F8-30831713F615}.Release|Any CPU.ActiveCfg = Release|Any CPU
		{8DE3EAC4-3737-49FB-96F8-30831713F615}.Release|Any CPU.Build.0 = Release|Any CPU
		{FF2C3692-E5D7-4D8F-A753-1441F59ACC6D}.Debug|Any CPU.ActiveCfg = Debug|Any CPU
		{FF2C3692-E5D7-4D8F-A753-1441F59ACC6D}.Debug|Any CPU.Build.0 = Debug|Any CPU
		{FF2C3692-E5D7-4D8F-A753-1441F59ACC6D}.Release|Any CPU.ActiveCfg = Release|Any CPU
		{FF2C3692-E5D7-4D8F-A753-1441F59ACC6D}.Release|Any CPU.Build.0 = Release|Any CPU
		{5E8657C4-1251-43A0-863C-6AE257063E2D}.Debug|Any CPU.ActiveCfg = Debug|Any CPU
		{5E8657C4-1251-43A0-863C-6AE257063E2D}.Debug|Any CPU.Build.0 = Debug|Any CPU
		{5E8657C4-1251-43A0-863C-6AE257063E2D}.Release|Any CPU.ActiveCfg = Release|Any CPU
		{5E8657C4-1251-43A0-863C-6AE257063E2D}.Release|Any CPU.Build.0 = Release|Any CPU
		{8C491377-2A28-453A-8644-3C9C764A4F1F}.Debug|Any CPU.ActiveCfg = Debug|Any CPU
		{8C491377-2A28-453A-8644-3C9C764A4F1F}.Debug|Any CPU.Build.0 = Debug|Any CPU
		{8C491377-2A28-453A-8644-3C9C764A4F1F}.Release|Any CPU.ActiveCfg = Release|Any CPU
		{8C491377-2A28-453A-8644-3C9C764A4F1F}.Release|Any CPU.Build.0 = Release|Any CPU
		{5A44BBA7-764B-4286-B38B-F28F8B9022C7}.Debug|Any CPU.ActiveCfg = Debug|Any CPU
		{5A44BBA7-764B-4286-B38B-F28F8B9022C7}.Debug|Any CPU.Build.0 = Debug|Any CPU
		{5A44BBA7-764B-4286-B38B-F28F8B9022C7}.Release|Any CPU.ActiveCfg = Release|Any CPU
		{5A44BBA7-764B-4286-B38B-F28F8B9022C7}.Release|Any CPU.Build.0 = Release|Any CPU
		{52579B9D-DA82-4834-9F83-5AE43797D638}.Debug|Any CPU.ActiveCfg = Debug|Any CPU
		{52579B9D-DA82-4834-9F83-5AE43797D638}.Debug|Any CPU.Build.0 = Debug|Any CPU
		{52579B9D-DA82-4834-9F83-5AE43797D638}.Release|Any CPU.ActiveCfg = Release|Any CPU
		{52579B9D-DA82-4834-9F83-5AE43797D638}.Release|Any CPU.Build.0 = Release|Any CPU
		{40D80871-0478-4119-BC66-6113C777E861}.Debug|Any CPU.ActiveCfg = Debug|Any CPU
		{40D80871-0478-4119-BC66-6113C777E861}.Debug|Any CPU.Build.0 = Debug|Any CPU
		{40D80871-0478-4119-BC66-6113C777E861}.Release|Any CPU.ActiveCfg = Release|Any CPU
		{40D80871-0478-4119-BC66-6113C777E861}.Release|Any CPU.Build.0 = Release|Any CPU
	EndGlobalSection
	GlobalSection(SolutionProperties) = preSolution
		HideSolutionNode = FALSE
	EndGlobalSection
	GlobalSection(NestedProjects) = preSolution
		{4AB75825-767F-496C-A636-75883741C128} = {C29BCD8F-CB6E-4AD4-8323-D831853CD4F6}
		{A3BC92EE-D84C-47EF-9EF0-41B9887D5C7E} = {FF30D1C7-FAEF-4E3D-BA90-A99117FD19EC}
		{8DE3EAC4-3737-49FB-96F8-30831713F615} = {23288F42-3AE5-4DFE-8FE0-B3E40C0E2A67}
		{FF2C3692-E5D7-4D8F-A753-1441F59ACC6D} = {C0012728-7819-4098-A5C2-18079963FBB4}
		{5E8657C4-1251-43A0-863C-6AE257063E2D} = {BB117C7E-66F9-4FE8-8489-7A1A6F867B52}
		{8C491377-2A28-453A-8644-3C9C764A4F1F} = {BB117C7E-66F9-4FE8-8489-7A1A6F867B52}
		{5A44BBA7-764B-4286-B38B-F28F8B9022C7} = {E6D1F9DD-74F5-426D-85DE-9F61FAEB8515}
		{52579B9D-DA82-4834-9F83-5AE43797D638} = {D8CCDF0E-7CD4-46F7-A9A4-6363D51427CB}
		{40D80871-0478-4119-BC66-6113C777E861} = {23288F42-3AE5-4DFE-8FE0-B3E40C0E2A67}
	EndGlobalSection
	GlobalSection(ExtensibilityGlobals) = postSolution
		SolutionGuid = {4246E584-C562-4D50-9CC0-A1E9195AE5C7}
	EndGlobalSection
EndGlobal
